// !$*UTF8*$!
{
	archiveVersion = 1;
	classes = {
	};
	objectVersion = 77;
	objects = {

/* Begin PBXContainerItemProxy section */
		6B4DDFD02D5A434200B121A0 /* PBXContainerItemProxy */ = {
			isa = PBXContainerItemProxy;
			containerPortal = 6B4DDFAE2D5A433F00B121A0 /* Project object */;
			proxyType = 1;
			remoteGlobalIDString = 6B4DDFB52D5A433F00B121A0;
			remoteInfo = firebaseAppBradford;
		};
		6B4DDFDA2D5A434200B121A0 /* PBXContainerItemProxy */ = {
			isa = PBXContainerItemProxy;
			containerPortal = 6B4DDFAE2D5A433F00B121A0 /* Project object */;
			proxyType = 1;
			remoteGlobalIDString = 6B4DDFB52D5A433F00B121A0;
			remoteInfo = firebaseAppBradford;
		};
/* End PBXContainerItemProxy section */

/* Begin PBXFileReference section */
		6B4DDFB62D5A433F00B121A0 /* firebaseAppBradford.app */ = {isa = PBXFileReference; explicitFileType = wrapper.application; includeInIndex = 0; path = firebaseAppBradford.app; sourceTree = BUILT_PRODUCTS_DIR; };
		6B4DDFCF2D5A434200B121A0 /* firebaseAppBradfordTests.xctest */ = {isa = PBXFileReference; explicitFileType = wrapper.cfbundle; includeInIndex = 0; path = firebaseAppBradfordTests.xctest; sourceTree = BUILT_PRODUCTS_DIR; };
		6B4DDFD92D5A434200B121A0 /* firebaseAppBradfordUITests.xctest */ = {isa = PBXFileReference; explicitFileType = wrapper.cfbundle; includeInIndex = 0; path = firebaseAppBradfordUITests.xctest; sourceTree = BUILT_PRODUCTS_DIR; };
/* End PBXFileReference section */

/* Begin PBXFileSystemSynchronizedBuildFileExceptionSet section */
		6B4DDFE12D5A434200B121A0 /* Exceptions for "firebaseAppBradford" folder in "firebaseAppBradford" target */ = {
			isa = PBXFileSystemSynchronizedBuildFileExceptionSet;
			membershipExceptions = (
				Info.plist,
			);
			target = 6B4DDFB52D5A433F00B121A0 /* firebaseAppBradford */;
		};
/* End PBXFileSystemSynchronizedBuildFileExceptionSet section */

/* Begin PBXFileSystemSynchronizedRootGroup section */
		6B4DDFB82D5A433F00B121A0 /* firebaseAppBradford */ = {
			isa = PBXFileSystemSynchronizedRootGroup;
			exceptions = (
				6B4DDFE12D5A434200B121A0 /* Exceptions for "firebaseAppBradford" folder in "firebaseAppBradford" target */,
			);
			path = firebaseAppBradford;
			sourceTree = "<group>";
		};
		6B4DDFD22D5A434200B121A0 /* firebaseAppBradfordTests */ = {
			isa = PBXFileSystemSynchronizedRootGroup;
			path = firebaseAppBradfordTests;
			sourceTree = "<group>";
		};
		6B4DDFDC2D5A434200B121A0 /* firebaseAppBradfordUITests */ = {
			isa = PBXFileSystemSynchronizedRootGroup;
			path = firebaseAppBradfordUITests;
			sourceTree = "<group>";
		};
/* End PBXFileSystemSynchronizedRootGroup section */

/* Begin PBXFrameworksBuildPhase section */
		6B4DDFB32D5A433F00B121A0 /* Frameworks */ = {
			isa = PBXFrameworksBuildPhase;
			buildActionMask = 2147483647;
			files = (
			);
			runOnlyForDeploymentPostprocessing = 0;
		};
		6B4DDFCC2D5A434200B121A0 /* Frameworks */ = {
			isa = PBXFrameworksBuildPhase;
			buildActionMask = 2147483647;
			files = (
			);
			runOnlyForDeploymentPostprocessing = 0;
		};
		6B4DDFD62D5A434200B121A0 /* Frameworks */ = {
			isa = PBXFrameworksBuildPhase;
			buildActionMask = 2147483647;
			files = (
			);
			runOnlyForDeploymentPostprocessing = 0;
		};
/* End PBXFrameworksBuildPhase section */

/* Begin PBXGroup section */
		6B4DDFAD2D5A433F00B121A0 = {
			isa = PBXGroup;
			children = (
				6B4DDFB82D5A433F00B121A0 /* firebaseAppBradford */,
				6B4DDFD22D5A434200B121A0 /* firebaseAppBradfordTests */,
				6B4DDFDC2D5A434200B121A0 /* firebaseAppBradfordUITests */,
				6B4DDFB72D5A433F00B121A0 /* Products */,
			);
			sourceTree = "<group>";
		};
		6B4DDFB72D5A433F00B121A0 /* Products */ = {
			isa = PBXGroup;
			children = (
				6B4DDFB62D5A433F00B121A0 /* firebaseAppBradford.app */,
				6B4DDFCF2D5A434200B121A0 /* firebaseAppBradfordTests.xctest */,
				6B4DDFD92D5A434200B121A0 /* firebaseAppBradfordUITests.xctest */,
			);
			name = Products;
			sourceTree = "<group>";
		};
/* End PBXGroup section */

/* Begin PBXNativeTarget section */
		6B4DDFB52D5A433F00B121A0 /* firebaseAppBradford */ = {
			isa = PBXNativeTarget;
			buildConfigurationList = 6B4DDFE22D5A434200B121A0 /* Build configuration list for PBXNativeTarget "firebaseAppBradford" */;
			buildPhases = (
				6B4DDFB22D5A433F00B121A0 /* Sources */,
				6B4DDFB32D5A433F00B121A0 /* Frameworks */,
				6B4DDFB42D5A433F00B121A0 /* Resources */,
			);
			buildRules = (
			);
			dependencies = (
			);
			fileSystemSynchronizedGroups = (
				6B4DDFB82D5A433F00B121A0 /* firebaseAppBradford */,
			);
			name = firebaseAppBradford;
			packageProductDependencies = (
			);
			productName = firebaseAppBradford;
			productReference = 6B4DDFB62D5A433F00B121A0 /* firebaseAppBradford.app */;
			productType = "com.apple.product-type.application";
		};
		6B4DDFCE2D5A434200B121A0 /* firebaseAppBradfordTests */ = {
			isa = PBXNativeTarget;
			buildConfigurationList = 6B4DDFE72D5A434200B121A0 /* Build configuration list for PBXNativeTarget "firebaseAppBradfordTests" */;
			buildPhases = (
				6B4DDFCB2D5A434200B121A0 /* Sources */,
				6B4DDFCC2D5A434200B121A0 /* Frameworks */,
				6B4DDFCD2D5A434200B121A0 /* Resources */,
			);
			buildRules = (
			);
			dependencies = (
				6B4DDFD12D5A434200B121A0 /* PBXTargetDependency */,
			);
			fileSystemSynchronizedGroups = (
				6B4DDFD22D5A434200B121A0 /* firebaseAppBradfordTests */,
			);
			name = firebaseAppBradfordTests;
			packageProductDependencies = (
			);
			productName = firebaseAppBradfordTests;
			productReference = 6B4DDFCF2D5A434200B121A0 /* firebaseAppBradfordTests.xctest */;
			productType = "com.apple.product-type.bundle.unit-test";
		};
		6B4DDFD82D5A434200B121A0 /* firebaseAppBradfordUITests */ = {
			isa = PBXNativeTarget;
			buildConfigurationList = 6B4DDFEA2D5A434200B121A0 /* Build configuration list for PBXNativeTarget "firebaseAppBradfordUITests" */;
			buildPhases = (
				6B4DDFD52D5A434200B121A0 /* Sources */,
				6B4DDFD62D5A434200B121A0 /* Frameworks */,
				6B4DDFD72D5A434200B121A0 /* Resources */,
			);
			buildRules = (
			);
			dependencies = (
				6B4DDFDB2D5A434200B121A0 /* PBXTargetDependency */,
			);
			fileSystemSynchronizedGroups = (
				6B4DDFDC2D5A434200B121A0 /* firebaseAppBradfordUITests */,
			);
			name = firebaseAppBradfordUITests;
			packageProductDependencies = (
			);
			productName = firebaseAppBradfordUITests;
			productReference = 6B4DDFD92D5A434200B121A0 /* firebaseAppBradfordUITests.xctest */;
			productType = "com.apple.product-type.bundle.ui-testing";
		};
/* End PBXNativeTarget section */

/* Begin PBXProject section */
		6B4DDFAE2D5A433F00B121A0 /* Project object */ = {
			isa = PBXProject;
			attributes = {
				BuildIndependentTargetsInParallel = 1;
				LastSwiftUpdateCheck = 1620;
				LastUpgradeCheck = 1620;
				TargetAttributes = {
					6B4DDFB52D5A433F00B121A0 = {
						CreatedOnToolsVersion = 16.2;
					};
					6B4DDFCE2D5A434200B121A0 = {
						CreatedOnToolsVersion = 16.2;
						TestTargetID = 6B4DDFB52D5A433F00B121A0;
					};
					6B4DDFD82D5A434200B121A0 = {
						CreatedOnToolsVersion = 16.2;
						TestTargetID = 6B4DDFB52D5A433F00B121A0;
					};
				};
			};
			buildConfigurationList = 6B4DDFB12D5A433F00B121A0 /* Build configuration list for PBXProject "firebaseAppBradford" */;
			developmentRegion = en;
			hasScannedForEncodings = 0;
			knownRegions = (
				en,
				Base,
			);
			mainGroup = 6B4DDFAD2D5A433F00B121A0;
			minimizedProjectReferenceProxies = 1;
			preferredProjectObjectVersion = 77;
			productRefGroup = 6B4DDFB72D5A433F00B121A0 /* Products */;
			projectDirPath = "";
			projectRoot = "";
			targets = (
				6B4DDFB52D5A433F00B121A0 /* firebaseAppBradford */,
				6B4DDFCE2D5A434200B121A0 /* firebaseAppBradfordTests */,
				6B4DDFD82D5A434200B121A0 /* firebaseAppBradfordUITests */,
			);
		};
/* End PBXProject section */

/* Begin PBXResourcesBuildPhase section */
		6B4DDFB42D5A433F00B121A0 /* Resources */ = {
			isa = PBXResourcesBuildPhase;
			buildActionMask = 2147483647;
			files = (
			);
			runOnlyForDeploymentPostprocessing = 0;
		};
		6B4DDFCD2D5A434200B121A0 /* Resources */ = {
			isa = PBXResourcesBuildPhase;
			buildActionMask = 2147483647;
			files = (
			);
			runOnlyForDeploymentPostprocessing = 0;
		};
		6B4DDFD72D5A434200B121A0 /* Resources */ = {
			isa = PBXResourcesBuildPhase;
			buildActionMask = 2147483647;
			files = (
			);
			runOnlyForDeploymentPostprocessing = 0;
		};
/* End PBXResourcesBuildPhase section */

/* Begin PBXSourcesBuildPhase section */
		6B4DDFB22D5A433F00B121A0 /* Sources */ = {
			isa = PBXSourcesBuildPhase;
			buildActionMask = 2147483647;
			files = (
			);
			runOnlyForDeploymentPostprocessing = 0;
		};
		6B4DDFCB2D5A434200B121A0 /* Sources */ = {
			isa = PBXSourcesBuildPhase;
			buildActionMask = 2147483647;
			files = (
			);
			runOnlyForDeploymentPostprocessing = 0;
		};
		6B4DDFD52D5A434200B121A0 /* Sources */ = {
			isa = PBXSourcesBuildPhase;
			buildActionMask = 2147483647;
			files = (
			);
			runOnlyForDeploymentPostprocessing = 0;
		};
/* End PBXSourcesBuildPhase section */

/* Begin PBXTargetDependency section */
		6B4DDFD12D5A434200B121A0 /* PBXTargetDependency */ = {
			isa = PBXTargetDependency;
			target = 6B4DDFB52D5A433F00B121A0 /* firebaseAppBradford */;
			targetProxy = 6B4DDFD02D5A434200B121A0 /* PBXContainerItemProxy */;
		};
		6B4DDFDB2D5A434200B121A0 /* PBXTargetDependency */ = {
			isa = PBXTargetDependency;
			target = 6B4DDFB52D5A433F00B121A0 /* firebaseAppBradford */;
			targetProxy = 6B4DDFDA2D5A434200B121A0 /* PBXContainerItemProxy */;
		};
/* End PBXTargetDependency section */

/* Begin XCBuildConfiguration section */
		6B4DDFE32D5A434200B121A0 /* Debug */ = {
			isa = XCBuildConfiguration;
			buildSettings = {
				ASSETCATALOG_COMPILER_APPICON_NAME = AppIcon;
				ASSETCATALOG_COMPILER_GLOBAL_ACCENT_COLOR_NAME = AccentColor;
				CODE_SIGN_STYLE = Automatic;
				CURRENT_PROJECT_VERSION = 1;
				GENERATE_INFOPLIST_FILE = YES;
				INFOPLIST_FILE = firebaseAppBradford/Info.plist;
				INFOPLIST_KEY_UIApplicationSupportsIndirectInputEvents = YES;
				INFOPLIST_KEY_UILaunchStoryboardName = LaunchScreen;
				INFOPLIST_KEY_UIMainStoryboardFile = Main;
				INFOPLIST_KEY_UISupportedInterfaceOrientations_iPad = "UIInterfaceOrientationPortrait UIInterfaceOrientationPortraitUpsideDown UIInterfaceOrientationLandscapeLeft UIInterfaceOrientationLandscapeRight";
				INFOPLIST_KEY_UISupportedInterfaceOrientations_iPhone = "UIInterfaceOrientationPortrait UIInterfaceOrientationLandscapeLeft UIInterfaceOrientationLandscapeRight";
				LD_RUNPATH_SEARCH_PATHS = (
					"$(inherited)",
					"@executable_path/Frameworks",
				);
				MARKETING_VERSION = 1.0;
				PRODUCT_BUNDLE_IDENTIFIER = clc.firebaseAppBradford;
				PRODUCT_NAME = "$(TARGET_NAME)";
				SWIFT_EMIT_LOC_STRINGS = YES;
				SWIFT_VERSION = 5.0;
				TARGETED_DEVICE_FAMILY = "1,2";
			};
			name = Debug;
		};
		6B4DDFE42D5A434200B121A0 /* Release */ = {
			isa = XCBuildConfiguration;
			buildSettings = {
				ASSETCATALOG_COMPILER_APPICON_NAME = AppIcon;
				ASSETCATALOG_COMPILER_GLOBAL_ACCENT_COLOR_NAME = AccentColor;
				CODE_SIGN_STYLE = Automatic;
				CURRENT_PROJECT_VERSION = 1;
				GENERATE_INFOPLIST_FILE = YES;
				INFOPLIST_FILE = firebaseAppBradford/Info.plist;
				INFOPLIST_KEY_UIApplicationSupportsIndirectInputEvents = YES;
				INFOPLIST_KEY_UILaunchStoryboardName = LaunchScreen;
				INFOPLIST_KEY_UIMainStoryboardFile = Main;
				INFOPLIST_KEY_UISupportedInterfaceOrientations_iPad = "UIInterfaceOrientationPortrait UIInterfaceOrientationPortraitUpsideDown UIInterfaceOrientationLandscapeLeft UIInterfaceOrientationLandscapeRight";
				INFOPLIST_KEY_UISupportedInterfaceOrientations_iPhone = "UIInterfaceOrientationPortrait UIInterfaceOrientationLandscapeLeft UIInterfaceOrientationLandscapeRight";
				LD_RUNPATH_SEARCH_PATHS = (
					"$(inherited)",
					"@executable_path/Frameworks",
				);
				MARKETING_VERSION = 1.0;
				PRODUCT_BUNDLE_IDENTIFIER = clc.firebaseAppBradford;
				PRODUCT_NAME = "$(TARGET_NAME)";
				SWIFT_EMIT_LOC_STRINGS = YES;
				SWIFT_VERSION = 5.0;
				TARGETED_DEVICE_FAMILY = "1,2";
			};
			name = Release;
		};
		6B4DDFE52D5A434200B121A0 /* Debug */ = {
			isa = XCBuildConfiguration;
			buildSettings = {
				ALWAYS_SEARCH_USER_PATHS = NO;
				ASSETCATALOG_COMPILER_GENERATE_SWIFT_ASSET_SYMBOL_EXTENSIONS = YES;
				CLANG_ANALYZER_NONNULL = YES;
				CLANG_ANALYZER_NUMBER_OBJECT_CONVERSION = YES_AGGRESSIVE;
				CLANG_CXX_LANGUAGE_STANDARD = "gnu++20";
				CLANG_ENABLE_MODULES = YES;
				CLANG_ENABLE_OBJC_ARC = YES;
				CLANG_ENABLE_OBJC_WEAK = YES;
				CLANG_WARN_BLOCK_CAPTURE_AUTORELEASING = YES;
				CLANG_WARN_BOOL_CONVERSION = YES;
				CLANG_WARN_COMMA = YES;
				CLANG_WARN_CONSTANT_CONVERSION = YES;
				CLANG_WARN_DEPRECATED_OBJC_IMPLEMENTATIONS = YES;
				CLANG_WARN_DIRECT_OBJC_ISA_USAGE = YES_ERROR;
				CLANG_WARN_DOCUMENTATION_COMMENTS = YES;
				CLANG_WARN_EMPTY_BODY = YES;
				CLANG_WARN_ENUM_CONVERSION = YES;
				CLANG_WARN_INFINITE_RECURSION = YES;
				CLANG_WARN_INT_CONVERSION = YES;
				CLANG_WARN_NON_LITERAL_NULL_CONVERSION = YES;
				CLANG_WARN_OBJC_IMPLICIT_RETAIN_SELF = YES;
				CLANG_WARN_OBJC_LITERAL_CONVERSION = YES;
				CLANG_WARN_OBJC_ROOT_CLASS = YES_ERROR;
				CLANG_WARN_QUOTED_INCLUDE_IN_FRAMEWORK_HEADER = YES;
				CLANG_WARN_RANGE_LOOP_ANALYSIS = YES;
				CLANG_WARN_STRICT_PROTOTYPES = YES;
				CLANG_WARN_SUSPICIOUS_MOVE = YES;
				CLANG_WARN_UNGUARDED_AVAILABILITY = YES_AGGRESSIVE;
				CLANG_WARN_UNREACHABLE_CODE = YES;
				CLANG_WARN__DUPLICATE_METHOD_MATCH = YES;
				COPY_PHASE_STRIP = NO;
				DEBUG_INFORMATION_FORMAT = dwarf;
				ENABLE_STRICT_OBJC_MSGSEND = YES;
				ENABLE_TESTABILITY = YES;
				ENABLE_USER_SCRIPT_SANDBOXING = YES;
				GCC_C_LANGUAGE_STANDARD = gnu17;
				GCC_DYNAMIC_NO_PIC = NO;
				GCC_NO_COMMON_BLOCKS = YES;
				GCC_OPTIMIZATION_LEVEL = 0;
				GCC_PREPROCESSOR_DEFINITIONS = (
					"DEBUG=1",
					"$(inherited)",
				);
				GCC_WARN_64_TO_32_BIT_CONVERSION = YES;
				GCC_WARN_ABOUT_RETURN_TYPE = YES_ERROR;
				GCC_WARN_UNDECLARED_SELECTOR = YES;
				GCC_WARN_UNINITIALIZED_AUTOS = YES_AGGRESSIVE;
				GCC_WARN_UNUSED_FUNCTION = YES;
				GCC_WARN_UNUSED_VARIABLE = YES;
				IPHONEOS_DEPLOYMENT_TARGET = 18.2;
				LOCALIZATION_PREFERS_STRING_CATALOGS = YES;
				MTL_ENABLE_DEBUG_INFO = INCLUDE_SOURCE;
				MTL_FAST_MATH = YES;
				ONLY_ACTIVE_ARCH = YES;
				SDKROOT = iphoneos;
				SWIFT_ACTIVE_COMPILATION_CONDITIONS = "DEBUG $(inherited)";
				SWIFT_OPTIMIZATION_LEVEL = "-Onone";
			};
			name = Debug;
		};
		6B4DDFE62D5A434200B121A0 /* Release */ = {
			isa = XCBuildConfiguration;
			buildSettings = {
				ALWAYS_SEARCH_USER_PATHS = NO;
				ASSETCATALOG_COMPILER_GENERATE_SWIFT_ASSET_SYMBOL_EXTENSIONS = YES;
				CLANG_ANALYZER_NONNULL = YES;
				CLANG_ANALYZER_NUMBER_OBJECT_CONVERSION = YES_AGGRESSIVE;
				CLANG_CXX_LANGUAGE_STANDARD = "gnu++20";
				CLANG_ENABLE_MODULES = YES;
				CLANG_ENABLE_OBJC_ARC = YES;
				CLANG_ENABLE_OBJC_WEAK = YES;
				CLANG_WARN_BLOCK_CAPTURE_AUTORELEASING = YES;
				CLANG_WARN_BOOL_CONVERSION = YES;
				CLANG_WARN_COMMA = YES;
				CLANG_WARN_CONSTANT_CONVERSION = YES;
				CLANG_WARN_DEPRECATED_OBJC_IMPLEMENTATIONS = YES;
				CLANG_WARN_DIRECT_OBJC_ISA_USAGE = YES_ERROR;
				CLANG_WARN_DOCUMENTATION_COMMENTS = YES;
				CLANG_WARN_EMPTY_BODY = YES;
				CLANG_WARN_ENUM_CONVERSION = YES;
				CLANG_WARN_INFINITE_RECURSION = YES;
				CLANG_WARN_INT_CONVERSION = YES;
				CLANG_WARN_NON_LITERAL_NULL_CONVERSION = YES;
				CLANG_WARN_OBJC_IMPLICIT_RETAIN_SELF = YES;
				CLANG_WARN_OBJC_LITERAL_CONVERSION = YES;
				CLANG_WARN_OBJC_ROOT_CLASS = YES_ERROR;
				CLANG_WARN_QUOTED_INCLUDE_IN_FRAMEWORK_HEADER = YES;
				CLANG_WARN_RANGE_LOOP_ANALYSIS = YES;
				CLANG_WARN_STRICT_PROTOTYPES = YES;
				CLANG_WARN_SUSPICIOUS_MOVE = YES;
				CLANG_WARN_UNGUARDED_AVAILABILITY = YES_AGGRESSIVE;
				CLANG_WARN_UNREACHABLE_CODE = YES;
				CLANG_WARN__DUPLICATE_METHOD_MATCH = YES;
				COPY_PHASE_STRIP = NO;
				DEBUG_INFORMATION_FORMAT = "dwarf-with-dsym";
				ENABLE_NS_ASSERTIONS = NO;
				ENABLE_STRICT_OBJC_MSGSEND = YES;
				ENABLE_USER_SCRIPT_SANDBOXING = YES;
				GCC_C_LANGUAGE_STANDARD = gnu17;
				GCC_NO_COMMON_BLOCKS = YES;
				GCC_WARN_64_TO_32_BIT_CONVERSION = YES;
				GCC_WARN_ABOUT_RETURN_TYPE = YES_ERROR;
				GCC_WARN_UNDECLARED_SELECTOR = YES;
				GCC_WARN_UNINITIALIZED_AUTOS = YES_AGGRESSIVE;
				GCC_WARN_UNUSED_FUNCTION = YES;
				GCC_WARN_UNUSED_VARIABLE = YES;
				IPHONEOS_DEPLOYMENT_TARGET = 18.2;
				LOCALIZATION_PREFERS_STRING_CATALOGS = YES;
				MTL_ENABLE_DEBUG_INFO = NO;
				MTL_FAST_MATH = YES;
				SDKROOT = iphoneos;
				SWIFT_COMPILATION_MODE = wholemodule;
				VALIDATE_PRODUCT = YES;
			};
			name = Release;
		};
		6B4DDFE82D5A434200B121A0 /* Debug */ = {
			isa = XCBuildConfiguration;
			buildSettings = {
				BUNDLE_LOADER = "$(TEST_HOST)";
				CODE_SIGN_STYLE = Automatic;
				CURRENT_PROJECT_VERSION = 1;
				GENERATE_INFOPLIST_FILE = YES;
				IPHONEOS_DEPLOYMENT_TARGET = 18.2;
				MARKETING_VERSION = 1.0;
				PRODUCT_BUNDLE_IDENTIFIER = clc.firebaseAppBradfordTests;
				PRODUCT_NAME = "$(TARGET_NAME)";
				SWIFT_EMIT_LOC_STRINGS = NO;
				SWIFT_VERSION = 5.0;
				TARGETED_DEVICE_FAMILY = "1,2";
				TEST_HOST = "$(BUILT_PRODUCTS_DIR)/firebaseAppBradford.app/$(BUNDLE_EXECUTABLE_FOLDER_PATH)/firebaseAppBradford";
			};
			name = Debug;
		};
		6B4DDFE92D5A434200B121A0 /* Release */ = {
			isa = XCBuildConfiguration;
			buildSettings = {
				BUNDLE_LOADER = "$(TEST_HOST)";
				CODE_SIGN_STYLE = Automatic;
				CURRENT_PROJECT_VERSION = 1;
				GENERATE_INFOPLIST_FILE = YES;
				IPHONEOS_DEPLOYMENT_TARGET = 18.2;
				MARKETING_VERSION = 1.0;
				PRODUCT_BUNDLE_IDENTIFIER = clc.firebaseAppBradfordTests;
				PRODUCT_NAME = "$(TARGET_NAME)";
				SWIFT_EMIT_LOC_STRINGS = NO;
				SWIFT_VERSION = 5.0;
				TARGETED_DEVICE_FAMILY = "1,2";
				TEST_HOST = "$(BUILT_PRODUCTS_DIR)/firebaseAppBradford.app/$(BUNDLE_EXECUTABLE_FOLDER_PATH)/firebaseAppBradford";
			};
			name = Release;
		};
		6B4DDFEB2D5A434200B121A0 /* Debug */ = {
			isa = XCBuildConfiguration;
			buildSettings = {
				CODE_SIGN_STYLE = Automatic;
				CURRENT_PROJECT_VERSION = 1;
				GENERATE_INFOPLIST_FILE = YES;
				MARKETING_VERSION = 1.0;
				PRODUCT_BUNDLE_IDENTIFIER = clc.firebaseAppBradfordUITests;
				PRODUCT_NAME = "$(TARGET_NAME)";
				SWIFT_EMIT_LOC_STRINGS = NO;
				SWIFT_VERSION = 5.0;
				TARGETED_DEVICE_FAMILY = "1,2";
				TEST_TARGET_NAME = firebaseAppBradford;
			};
			name = Debug;
		};
		6B4DDFEC2D5A434200B121A0 /* Release */ = {
			isa = XCBuildConfiguration;
			buildSettings = {
				CODE_SIGN_STYLE = Automatic;
				CURRENT_PROJECT_VERSION = 1;
				GENERATE_INFOPLIST_FILE = YES;
				MARKETING_VERSION = 1.0;
				PRODUCT_BUNDLE_IDENTIFIER = clc.firebaseAppBradfordUITests;
				PRODUCT_NAME = "$(TARGET_NAME)";
				SWIFT_EMIT_LOC_STRINGS = NO;
				SWIFT_VERSION = 5.0;
				TARGETED_DEVICE_FAMILY = "1,2";
				TEST_TARGET_NAME = firebaseAppBradford;
			};
			name = Release;
		};
/* End XCBuildConfiguration section */

/* Begin XCConfigurationList section */
		6B4DDFB12D5A433F00B121A0 /* Build configuration list for PBXProject "firebaseAppBradford" */ = {
			isa = XCConfigurationList;
			buildConfigurations = (
				6B4DDFE52D5A434200B121A0 /* Debug */,
				6B4DDFE62D5A434200B121A0 /* Release */,
			);
			defaultConfigurationIsVisible = 0;
			defaultConfigurationName = Release;
		};
		6B4DDFE22D5A434200B121A0 /* Build configuration list for PBXNativeTarget "firebaseAppBradford" */ = {
			isa = XCConfigurationList;
			buildConfigurations = (
				6B4DDFE32D5A434200B121A0 /* Debug */,
				6B4DDFE42D5A434200B121A0 /* Release */,
			);
			defaultConfigurationIsVisible = 0;
			defaultConfigurationName = Release;
		};
		6B4DDFE72D5A434200B121A0 /* Build configuration list for PBXNativeTarget "firebaseAppBradfordTests" */ = {
			isa = XCConfigurationList;
			buildConfigurations = (
				6B4DDFE82D5A434200B121A0 /* Debug */,
				6B4DDFE92D5A434200B121A0 /* Release */,
			);
			defaultConfigurationIsVisible = 0;
			defaultConfigurationName = Release;
		};
		6B4DDFEA2D5A434200B121A0 /* Build configuration list for PBXNativeTarget "firebaseAppBradfordUITests" */ = {
			isa = XCConfigurationList;
			buildConfigurations = (
				6B4DDFEB2D5A434200B121A0 /* Debug */,
				6B4DDFEC2D5A434200B121A0 /* Release */,
			);
			defaultConfigurationIsVisible = 0;
			defaultConfigurationName = Release;
		};
/* End XCConfigurationList section */
	};
	rootObject = 6B4DDFAE2D5A433F00B121A0 /* Project object */;
}
